
Microsoft Visual Studio Solution File, Format Version 12.00
# Visual Studio 14
VisualStudioVersion = 14.0.23107.0
MinimumVisualStudioVersion = 10.0.40219.1
Project("{FAE04EC0-301F-11D3-BF4B-00C04F79EFBC}") = "ClrCoder.Starship", "ClrCoder.Starship\ClrCoder.Starship.csproj", "{678CAFC3-60F4-474B-847E-5440A76855D3}"
EndProject
Project("{FAE04EC0-301F-11D3-BF4B-00C04F79EFBC}") = "ClrCoder.Starship.Tests", "ClrCoder.Starship.Tests\ClrCoder.Starship.Tests.csproj", "{C9DE5034-C167-4CF9-B345-068E6D459F93}"
EndProject
Global
	GlobalSection(SolutionConfigurationPlatforms) = preSolution
		Debug|Any CPU = Debug|Any CPU
		Release|Any CPU = Release|Any CPU
	EndGlobalSection
	GlobalSection(ProjectConfigurationPlatforms) = postSolution
		{678CAFC3-60F4-474B-847E-5440A76855D3}.Debug|Any CPU.ActiveCfg = Debug|Any CPU
		{678CAFC3-60F4-474B-847E-5440A76855D3}.Debug|Any CPU.Build.0 = Debug|Any CPU
		{678CAFC3-60F4-474B-847E-5440A76855D3}.Release|Any CPU.ActiveCfg = Release|Any CPU
		{678CAFC3-60F4-474B-847E-5440A76855D3}.Release|Any CPU.Build.0 = Release|Any CPU
		{C9DE5034-C167-4CF9-B345-068E6D459F93}.Debug|Any CPU.ActiveCfg = Debug|Any CPU
		{C9DE5034-C167-4CF9-B345-068E6D459F93}.Debug|Any CPU.Build.0 = Debug|Any CPU
		{C9DE5034-C167-4CF9-B345-068E6D459F93}.Release|Any CPU.ActiveCfg = Release|Any CPU
		{C9DE5034-C167-4CF9-B345-068E6D459F93}.Release|Any CPU.Build.0 = Release|Any CPU
	EndGlobalSection
	GlobalSection(SolutionProperties) = preSolution
		HideSolutionNode = FALSE
	EndGlobalSection
EndGlobal
